
Microsoft Visual Studio Solution File, Format Version 12.00
# Visual Studio Version 16
VisualStudioVersion = 16.0.30128.74
MinimumVisualStudioVersion = 10.0.40219.1
Project("{FAE04EC0-301F-11D3-BF4B-00C04F79EFBC}") = "Retardhook", "Retardhook\Retardhook.csproj", "{5F3AB175-9545-4F34-A04A-A2818753045F}"
EndProject
Global
	GlobalSection(SolutionConfigurationPlatforms) = preSolution
		Debug|Any CPU = Debug|Any CPU
		Debug|x64 = Debug|x64
		Release|Any CPU = Release|Any CPU
		Release|x64 = Release|x64
	EndGlobalSection
	GlobalSection(ProjectConfigurationPlatforms) = postSolution
		{5F3AB175-9545-4F34-A04A-A2818753045F}.Debug|Any CPU.ActiveCfg = Debug|Any CPU
		{5F3AB175-9545-4F34-A04A-A2818753045F}.Debug|Any CPU.Build.0 = Debug|Any CPU
		{5F3AB175-9545-4F34-A04A-A2818753045F}.Debug|x64.ActiveCfg = Debug|x64
		{5F3AB175-9545-4F34-A04A-A2818753045F}.Debug|x64.Build.0 = Debug|x64
		{5F3AB175-9545-4F34-A04A-A2818753045F}.Release|Any CPU.ActiveCfg = Release|Any CPU
		{5F3AB175-9545-4F34-A04A-A2818753045F}.Release|Any CPU.Build.0 = Release|Any CPU
		{5F3AB175-9545-4F34-A04A-A2818753045F}.Release|x64.ActiveCfg = Release|x64
		{5F3AB175-9545-4F34-A04A-A2818753045F}.Release|x64.Build.0 = Release|x64
	EndGlobalSection
	GlobalSection(SolutionProperties) = preSolution
		HideSolutionNode = FALSE
	EndGlobalSection
	GlobalSection(ExtensibilityGlobals) = postSolution
		SolutionGuid = {78AFB3EC-3408-4046-A020-9287E16B01A2}
	EndGlobalSection
EndGlobal
